# This file is generated by running "yarn install" inside your project.
# Manual changes might be lost - proceed with caution!

__metadata:
  version: 4
  cacheKey: 5

"app1@workspace:app1":
  version: 0.0.0-use.local
  resolution: "app1@workspace:app1"
  dependencies:
    lib1: "*"
    lib3: "*"
    lodash: ^4.17.15
  languageName: unknown
  linkType: soft

"app2@workspace:app2":
  version: 0.0.0-use.local
  resolution: "app2@workspace:app2"
  dependencies:
    lib2: "*"
    lib3: "*"
    lodash: 4.17.14
  languageName: unknown
  linkType: soft

"lib1@*, lib1@workspace:lib1":
  version: 0.0.0-use.local
  resolution: "lib1@workspace:lib1"
  dependencies:
    lodash: ^2.0.0
  languageName: unknown
  linkType: soft

"lib2@*, lib2@workspace:lib2":
  version: 0.0.0-use.local
  resolution: "lib2@workspace:lib2"
  dependencies:
    lodash: ^4.17.15
  languageName: unknown
  linkType: soft

"lib3@*, lib3@workspace:lib3":
  version: 0.0.0-use.local
  resolution: "lib3@workspace:lib3"
  dependencies:
    lodash: 3.0.0
  languageName: unknown
  linkType: soft

"lodash@npm:3.0.0":
  version: 3.0.0
  resolution: "lodash@npm:3.0.0"
  checksum: ffe5b327fbf124b45d9fe9acc7ad7dccc8bfc073563ce9e770bda6a400490f0805d9306f24f1a7befd6b9bb36805272b3cbab73426e33da3289253fad2b93ac6
  languageName: node
  linkType: hard

"lodash@npm:4.17.14":
  version: 4.17.14
  resolution: "lodash@npm:4.17.14"
  checksum: 4742f458f496d3d2d27710118022aaa4b047e4d6d340bd61400a4d604e98780a43670abea736c614cdb94f9132b1a52791965f2071a78d4e5ea321ccaf7df5e5
  languageName: node
  linkType: hard

"lodash@npm:^2.0.0":
  version: 2.4.2
  resolution: "lodash@npm:2.4.2"
  checksum: 1e889ab1005a618f3dcde04af68a684c081fd27198499910b2d3bd12a37767cdf93705e66c7fa63651e61e3eb18ddf4de7ab2aabe7b7798574a3d18e6ce4de80
  languageName: node
  linkType: hard

"lodash@npm:^4.17.15":
  version: 4.17.19
  resolution: "lodash@npm:4.17.19"
  checksum: ff2b7a95f0129dba9101e346d44e0eda0f159d76bbbf23721eec1969b87a32bde3de0cfef0733218c64620e9be08040a973278d46a686540233b356115f3527c
  languageName: node
  linkType: hard

"root-workspace-0b6124@workspace:.":
  version: 0.0.0-use.local
  resolution: "root-workspace-0b6124@workspace:."
  languageName: unknown
  linkType: soft
